
Microsoft Visual Studio Solution File, Format Version 12.00
# Visual Studio 2012
Project("{888888A0-9F3D-457C-B088-3A5042F75D52}") = "marble_fw", "marble_fw.pyproj", "{29D23B6D-8F20-4A1B-B4B5-0824CEE3F633}"
EndProject
Project("{FAE04EC0-301F-11D3-BF4B-00C04F79EFBC}") = "Managed.Adb", "..\source\TestAutomation\Managed.AndroidDebugBridge\Managed.Adb.csproj", "{65473257-E70F-410B-9269-D0C0F771EA87}"
EndProject
Project("{FAE04EC0-301F-11D3-BF4B-00C04F79EFBC}") = "TestAutomation.Bridge", "..\source\TestAutomation\TestAutomation.Bridge\TestAutomation.Bridge.csproj", "{C00FF6E5-2F87-4BA3-B4CC-FC4B55744AF0}"
EndProject
Project("{FAE04EC0-301F-11D3-BF4B-00C04F79EFBC}") = "TestAutomation.Console", "..\source\TestAutomation\TestAutomation.Console\TestAutomation.Console.csproj", "{31EACE0B-C629-4CC6-BC1D-853D05FC245F}"
EndProject
Global
	GlobalSection(SolutionConfigurationPlatforms) = preSolution
		Debug|Any CPU = Debug|Any CPU
		Debug|ia64 = Debug|ia64
		Debug|x64 = Debug|x64
		Debug|x86 = Debug|x86
		Release|Any CPU = Release|Any CPU
		Release|ia64 = Release|ia64
		Release|x64 = Release|x64
		Release|x86 = Release|x86
	EndGlobalSection
	GlobalSection(ProjectConfigurationPlatforms) = postSolution
		{29D23B6D-8F20-4A1B-B4B5-0824CEE3F633}.Debug|Any CPU.ActiveCfg = Debug|Any CPU
		{29D23B6D-8F20-4A1B-B4B5-0824CEE3F633}.Debug|ia64.ActiveCfg = Debug|Any CPU
		{29D23B6D-8F20-4A1B-B4B5-0824CEE3F633}.Debug|x64.ActiveCfg = Debug|Any CPU
		{29D23B6D-8F20-4A1B-B4B5-0824CEE3F633}.Debug|x86.ActiveCfg = Debug|Any CPU
		{29D23B6D-8F20-4A1B-B4B5-0824CEE3F633}.Release|Any CPU.ActiveCfg = Release|Any CPU
		{29D23B6D-8F20-4A1B-B4B5-0824CEE3F633}.Release|ia64.ActiveCfg = Release|Any CPU
		{29D23B6D-8F20-4A1B-B4B5-0824CEE3F633}.Release|x64.ActiveCfg = Release|Any CPU
		{29D23B6D-8F20-4A1B-B4B5-0824CEE3F633}.Release|x86.ActiveCfg = Release|Any CPU
		{65473257-E70F-410B-9269-D0C0F771EA87}.Debug|Any CPU.ActiveCfg = Debug|Any CPU
		{65473257-E70F-410B-9269-D0C0F771EA87}.Debug|Any CPU.Build.0 = Debug|Any CPU
		{65473257-E70F-410B-9269-D0C0F771EA87}.Debug|ia64.ActiveCfg = Debug|ia64
		{65473257-E70F-410B-9269-D0C0F771EA87}.Debug|ia64.Build.0 = Debug|ia64
		{65473257-E70F-410B-9269-D0C0F771EA87}.Debug|x64.ActiveCfg = Debug|x64
		{65473257-E70F-410B-9269-D0C0F771EA87}.Debug|x64.Build.0 = Debug|x64
		{65473257-E70F-410B-9269-D0C0F771EA87}.Debug|x86.ActiveCfg = Debug|x86
		{65473257-E70F-410B-9269-D0C0F771EA87}.Debug|x86.Build.0 = Debug|x86
		{65473257-E70F-410B-9269-D0C0F771EA87}.Release|Any CPU.ActiveCfg = Release|Any CPU
		{65473257-E70F-410B-9269-D0C0F771EA87}.Release|Any CPU.Build.0 = Release|Any CPU
		{65473257-E70F-410B-9269-D0C0F771EA87}.Release|ia64.ActiveCfg = Release|ia64
		{65473257-E70F-410B-9269-D0C0F771EA87}.Release|ia64.Build.0 = Release|ia64
		{65473257-E70F-410B-9269-D0C0F771EA87}.Release|x64.ActiveCfg = Release|x64
		{65473257-E70F-410B-9269-D0C0F771EA87}.Release|x64.Build.0 = Release|x64
		{65473257-E70F-410B-9269-D0C0F771EA87}.Release|x86.ActiveCfg = Release|x86
		{65473257-E70F-410B-9269-D0C0F771EA87}.Release|x86.Build.0 = Release|x86
		{C00FF6E5-2F87-4BA3-B4CC-FC4B55744AF0}.Debug|Any CPU.ActiveCfg = Debug|Any CPU
		{C00FF6E5-2F87-4BA3-B4CC-FC4B55744AF0}.Debug|Any CPU.Build.0 = Debug|Any CPU
		{C00FF6E5-2F87-4BA3-B4CC-FC4B55744AF0}.Debug|ia64.ActiveCfg = Debug|Any CPU
		{C00FF6E5-2F87-4BA3-B4CC-FC4B55744AF0}.Debug|x64.ActiveCfg = Debug|Any CPU
		{C00FF6E5-2F87-4BA3-B4CC-FC4B55744AF0}.Debug|x86.ActiveCfg = Debug|Any CPU
		{C00FF6E5-2F87-4BA3-B4CC-FC4B55744AF0}.Release|Any CPU.ActiveCfg = Release|Any CPU
		{C00FF6E5-2F87-4BA3-B4CC-FC4B55744AF0}.Release|Any CPU.Build.0 = Release|Any CPU
		{C00FF6E5-2F87-4BA3-B4CC-FC4B55744AF0}.Release|ia64.ActiveCfg = Release|Any CPU
		{C00FF6E5-2F87-4BA3-B4CC-FC4B55744AF0}.Release|x64.ActiveCfg = Release|Any CPU
		{C00FF6E5-2F87-4BA3-B4CC-FC4B55744AF0}.Release|x86.ActiveCfg = Release|Any CPU
		{31EACE0B-C629-4CC6-BC1D-853D05FC245F}.Debug|Any CPU.ActiveCfg = Debug|Any CPU
		{31EACE0B-C629-4CC6-BC1D-853D05FC245F}.Debug|Any CPU.Build.0 = Debug|Any CPU
		{31EACE0B-C629-4CC6-BC1D-853D05FC245F}.Debug|ia64.ActiveCfg = Debug|Any CPU
		{31EACE0B-C629-4CC6-BC1D-853D05FC245F}.Debug|x64.ActiveCfg = Debug|Any CPU
		{31EACE0B-C629-4CC6-BC1D-853D05FC245F}.Debug|x86.ActiveCfg = Debug|Any CPU
		{31EACE0B-C629-4CC6-BC1D-853D05FC245F}.Release|Any CPU.ActiveCfg = Release|Any CPU
		{31EACE0B-C629-4CC6-BC1D-853D05FC245F}.Release|Any CPU.Build.0 = Release|Any CPU
		{31EACE0B-C629-4CC6-BC1D-853D05FC245F}.Release|ia64.ActiveCfg = Release|Any CPU
		{31EACE0B-C629-4CC6-BC1D-853D05FC245F}.Release|x64.ActiveCfg = Release|Any CPU
		{31EACE0B-C629-4CC6-BC1D-853D05FC245F}.Release|x86.ActiveCfg = Release|Any CPU
	EndGlobalSection
	GlobalSection(SolutionProperties) = preSolution
		HideSolutionNode = FALSE
	EndGlobalSection
EndGlobal
