
Microsoft Visual Studio Solution File, Format Version 12.00
# Visual Studio 2012
Project("{FAE04EC0-301F-11D3-BF4B-00C04F79EFBC}") = "Managed.Adb", "Managed.AndroidDebugBridge\Managed.Adb.csproj", "{65473257-E70F-410B-9269-D0C0F771EA87}"
EndProject
Project("{FAE04EC0-301F-11D3-BF4B-00C04F79EFBC}") = "TestAutomation.Bridge", "TestAutomation.Bridge\TestAutomation.Bridge.csproj", "{C00FF6E5-2F87-4BA3-B4CC-FC4B55744AF0}"
	ProjectSection(ProjectDependencies) = postProject
		{2EC85F3B-FF08-4B5B-A106-BBE47C6ED282} = {2EC85F3B-FF08-4B5B-A106-BBE47C6ED282}
		{73598CAF-DDB2-4964-8DEB-D267BB9B0AA4} = {73598CAF-DDB2-4964-8DEB-D267BB9B0AA4}
	EndProjectSection
EndProject
Project("{FAE04EC0-301F-11D3-BF4B-00C04F79EFBC}") = "TestAutomation.Console", "TestAutomation.Console\TestAutomation.Console.csproj", "{31EACE0B-C629-4CC6-BC1D-853D05FC245F}"
EndProject
Project("{FAE04EC0-301F-11D3-BF4B-00C04F79EFBC}") = "TestAutomation.Utils", "TestAutomation.Utils\TestAutomation.Utils.csproj", "{73598CAF-DDB2-4964-8DEB-D267BB9B0AA4}"
	ProjectSection(ProjectDependencies) = postProject
		{65473257-E70F-410B-9269-D0C0F771EA87} = {65473257-E70F-410B-9269-D0C0F771EA87}
	EndProjectSection
EndProject
Project("{FAE04EC0-301F-11D3-BF4B-00C04F79EFBC}") = "protobuf-net", "..\protobuf-net\protobuf-net.csproj", "{8374E4D7-2A91-48F1-9360-09B09CF27C3F}"
EndProject
Project("{FAE04EC0-301F-11D3-BF4B-00C04F79EFBC}") = "TestAutomation.ChkBugReport", "TestAutomation.ChkBugReport\TestAutomation.ChkBugReport.csproj", "{2EC85F3B-FF08-4B5B-A106-BBE47C6ED282}"
EndProject
Project("{FAE04EC0-301F-11D3-BF4B-00C04F79EFBC}") = "TestAutomation.TestServer", "TestAutomation.TestServer\TestAutomation.TestServer.csproj", "{B6D1C069-2A6C-482A-A85E-E49362D8C72A}"
EndProject
Project("{FAE04EC0-301F-11D3-BF4B-00C04F79EFBC}") = "TestAutomation.ScriptingService", "TestAutomation.ScriptingService\TestAutomation.ScriptingService.csproj", "{D8F1F844-C668-42BA-9519-05F1157EA21D}"
EndProject
Global
	GlobalSection(SolutionConfigurationPlatforms) = preSolution
		CoreOnly|Any CPU = CoreOnly|Any CPU
		CoreOnly|ia64 = CoreOnly|ia64
		CoreOnly|x64 = CoreOnly|x64
		CoreOnly|x86 = CoreOnly|x86
		Debug|Any CPU = Debug|Any CPU
		Debug|ia64 = Debug|ia64
		Debug|x64 = Debug|x64
		Debug|x86 = Debug|x86
		iOS|Any CPU = iOS|Any CPU
		iOS|ia64 = iOS|ia64
		iOS|x64 = iOS|x64
		iOS|x86 = iOS|x86
		Net20|Any CPU = Net20|Any CPU
		Net20|ia64 = Net20|ia64
		Net20|x64 = Net20|x64
		Net20|x86 = Net20|x86
		Profile|Any CPU = Profile|Any CPU
		Profile|ia64 = Profile|ia64
		Profile|x64 = Profile|x64
		Profile|x86 = Profile|x86
		Release|Any CPU = Release|Any CPU
		Release|ia64 = Release|ia64
		Release|x64 = Release|x64
		Release|x86 = Release|x86
		Silverlight2|Any CPU = Silverlight2|Any CPU
		Silverlight2|ia64 = Silverlight2|ia64
		Silverlight2|x64 = Silverlight2|x64
		Silverlight2|x86 = Silverlight2|x86
		Unity|Any CPU = Unity|Any CPU
		Unity|ia64 = Unity|ia64
		Unity|x64 = Unity|x64
		Unity|x86 = Unity|x86
	EndGlobalSection
	GlobalSection(ProjectConfigurationPlatforms) = postSolution
		{65473257-E70F-410B-9269-D0C0F771EA87}.CoreOnly|Any CPU.ActiveCfg = Release|Any CPU
		{65473257-E70F-410B-9269-D0C0F771EA87}.CoreOnly|Any CPU.Build.0 = Release|Any CPU
		{65473257-E70F-410B-9269-D0C0F771EA87}.CoreOnly|ia64.ActiveCfg = Release|ia64
		{65473257-E70F-410B-9269-D0C0F771EA87}.CoreOnly|ia64.Build.0 = Release|ia64
		{65473257-E70F-410B-9269-D0C0F771EA87}.CoreOnly|x64.ActiveCfg = Release|x64
		{65473257-E70F-410B-9269-D0C0F771EA87}.CoreOnly|x64.Build.0 = Release|x64
		{65473257-E70F-410B-9269-D0C0F771EA87}.CoreOnly|x86.ActiveCfg = Release|x86
		{65473257-E70F-410B-9269-D0C0F771EA87}.CoreOnly|x86.Build.0 = Release|x86
		{65473257-E70F-410B-9269-D0C0F771EA87}.Debug|Any CPU.ActiveCfg = Debug|Any CPU
		{65473257-E70F-410B-9269-D0C0F771EA87}.Debug|Any CPU.Build.0 = Debug|Any CPU
		{65473257-E70F-410B-9269-D0C0F771EA87}.Debug|ia64.ActiveCfg = Debug|ia64
		{65473257-E70F-410B-9269-D0C0F771EA87}.Debug|ia64.Build.0 = Debug|ia64
		{65473257-E70F-410B-9269-D0C0F771EA87}.Debug|x64.ActiveCfg = Debug|x64
		{65473257-E70F-410B-9269-D0C0F771EA87}.Debug|x64.Build.0 = Debug|x64
		{65473257-E70F-410B-9269-D0C0F771EA87}.Debug|x86.ActiveCfg = Debug|x86
		{65473257-E70F-410B-9269-D0C0F771EA87}.Debug|x86.Build.0 = Debug|x86
		{65473257-E70F-410B-9269-D0C0F771EA87}.iOS|Any CPU.ActiveCfg = Release|Any CPU
		{65473257-E70F-410B-9269-D0C0F771EA87}.iOS|Any CPU.Build.0 = Release|Any CPU
		{65473257-E70F-410B-9269-D0C0F771EA87}.iOS|ia64.ActiveCfg = Release|ia64
		{65473257-E70F-410B-9269-D0C0F771EA87}.iOS|ia64.Build.0 = Release|ia64
		{65473257-E70F-410B-9269-D0C0F771EA87}.iOS|x64.ActiveCfg = Release|x64
		{65473257-E70F-410B-9269-D0C0F771EA87}.iOS|x64.Build.0 = Release|x64
		{65473257-E70F-410B-9269-D0C0F771EA87}.iOS|x86.ActiveCfg = Release|x86
		{65473257-E70F-410B-9269-D0C0F771EA87}.iOS|x86.Build.0 = Release|x86
		{65473257-E70F-410B-9269-D0C0F771EA87}.Net20|Any CPU.ActiveCfg = Release|Any CPU
		{65473257-E70F-410B-9269-D0C0F771EA87}.Net20|Any CPU.Build.0 = Release|Any CPU
		{65473257-E70F-410B-9269-D0C0F771EA87}.Net20|ia64.ActiveCfg = Release|ia64
		{65473257-E70F-410B-9269-D0C0F771EA87}.Net20|ia64.Build.0 = Release|ia64
		{65473257-E70F-410B-9269-D0C0F771EA87}.Net20|x64.ActiveCfg = Release|x64
		{65473257-E70F-410B-9269-D0C0F771EA87}.Net20|x64.Build.0 = Release|x64
		{65473257-E70F-410B-9269-D0C0F771EA87}.Net20|x86.ActiveCfg = Release|x86
		{65473257-E70F-410B-9269-D0C0F771EA87}.Net20|x86.Build.0 = Release|x86
		{65473257-E70F-410B-9269-D0C0F771EA87}.Profile|Any CPU.ActiveCfg = Release|Any CPU
		{65473257-E70F-410B-9269-D0C0F771EA87}.Profile|Any CPU.Build.0 = Release|Any CPU
		{65473257-E70F-410B-9269-D0C0F771EA87}.Profile|ia64.ActiveCfg = Release|ia64
		{65473257-E70F-410B-9269-D0C0F771EA87}.Profile|ia64.Build.0 = Release|ia64
		{65473257-E70F-410B-9269-D0C0F771EA87}.Profile|x64.ActiveCfg = Release|x64
		{65473257-E70F-410B-9269-D0C0F771EA87}.Profile|x64.Build.0 = Release|x64
		{65473257-E70F-410B-9269-D0C0F771EA87}.Profile|x86.ActiveCfg = Release|x86
		{65473257-E70F-410B-9269-D0C0F771EA87}.Profile|x86.Build.0 = Release|x86
		{65473257-E70F-410B-9269-D0C0F771EA87}.Release|Any CPU.ActiveCfg = Release|Any CPU
		{65473257-E70F-410B-9269-D0C0F771EA87}.Release|Any CPU.Build.0 = Release|Any CPU
		{65473257-E70F-410B-9269-D0C0F771EA87}.Release|ia64.ActiveCfg = Release|ia64
		{65473257-E70F-410B-9269-D0C0F771EA87}.Release|ia64.Build.0 = Release|ia64
		{65473257-E70F-410B-9269-D0C0F771EA87}.Release|x64.ActiveCfg = Release|x64
		{65473257-E70F-410B-9269-D0C0F771EA87}.Release|x64.Build.0 = Release|x64
		{65473257-E70F-410B-9269-D0C0F771EA87}.Release|x86.ActiveCfg = Release|x86
		{65473257-E70F-410B-9269-D0C0F771EA87}.Release|x86.Build.0 = Release|x86
		{65473257-E70F-410B-9269-D0C0F771EA87}.Silverlight2|Any CPU.ActiveCfg = Release|Any CPU
		{65473257-E70F-410B-9269-D0C0F771EA87}.Silverlight2|Any CPU.Build.0 = Release|Any CPU
		{65473257-E70F-410B-9269-D0C0F771EA87}.Silverlight2|ia64.ActiveCfg = Release|ia64
		{65473257-E70F-410B-9269-D0C0F771EA87}.Silverlight2|ia64.Build.0 = Release|ia64
		{65473257-E70F-410B-9269-D0C0F771EA87}.Silverlight2|x64.ActiveCfg = Release|x64
		{65473257-E70F-410B-9269-D0C0F771EA87}.Silverlight2|x64.Build.0 = Release|x64
		{65473257-E70F-410B-9269-D0C0F771EA87}.Silverlight2|x86.ActiveCfg = Release|x86
		{65473257-E70F-410B-9269-D0C0F771EA87}.Silverlight2|x86.Build.0 = Release|x86
		{65473257-E70F-410B-9269-D0C0F771EA87}.Unity|Any CPU.ActiveCfg = Release|Any CPU
		{65473257-E70F-410B-9269-D0C0F771EA87}.Unity|Any CPU.Build.0 = Release|Any CPU
		{65473257-E70F-410B-9269-D0C0F771EA87}.Unity|ia64.ActiveCfg = Release|ia64
		{65473257-E70F-410B-9269-D0C0F771EA87}.Unity|ia64.Build.0 = Release|ia64
		{65473257-E70F-410B-9269-D0C0F771EA87}.Unity|x64.ActiveCfg = Release|x64
		{65473257-E70F-410B-9269-D0C0F771EA87}.Unity|x64.Build.0 = Release|x64
		{65473257-E70F-410B-9269-D0C0F771EA87}.Unity|x86.ActiveCfg = Release|x86
		{65473257-E70F-410B-9269-D0C0F771EA87}.Unity|x86.Build.0 = Release|x86
		{C00FF6E5-2F87-4BA3-B4CC-FC4B55744AF0}.CoreOnly|Any CPU.ActiveCfg = Release|Any CPU
		{C00FF6E5-2F87-4BA3-B4CC-FC4B55744AF0}.CoreOnly|Any CPU.Build.0 = Release|Any CPU
		{C00FF6E5-2F87-4BA3-B4CC-FC4B55744AF0}.CoreOnly|ia64.ActiveCfg = Release|Any CPU
		{C00FF6E5-2F87-4BA3-B4CC-FC4B55744AF0}.CoreOnly|x64.ActiveCfg = Release|Any CPU
		{C00FF6E5-2F87-4BA3-B4CC-FC4B55744AF0}.CoreOnly|x86.ActiveCfg = Release|Any CPU
		{C00FF6E5-2F87-4BA3-B4CC-FC4B55744AF0}.Debug|Any CPU.ActiveCfg = Debug|Any CPU
		{C00FF6E5-2F87-4BA3-B4CC-FC4B55744AF0}.Debug|Any CPU.Build.0 = Debug|Any CPU
		{C00FF6E5-2F87-4BA3-B4CC-FC4B55744AF0}.Debug|ia64.ActiveCfg = Debug|Any CPU
		{C00FF6E5-2F87-4BA3-B4CC-FC4B55744AF0}.Debug|x64.ActiveCfg = Debug|Any CPU
		{C00FF6E5-2F87-4BA3-B4CC-FC4B55744AF0}.Debug|x86.ActiveCfg = Debug|Any CPU
		{C00FF6E5-2F87-4BA3-B4CC-FC4B55744AF0}.iOS|Any CPU.ActiveCfg = Release|Any CPU
		{C00FF6E5-2F87-4BA3-B4CC-FC4B55744AF0}.iOS|Any CPU.Build.0 = Release|Any CPU
		{C00FF6E5-2F87-4BA3-B4CC-FC4B55744AF0}.iOS|ia64.ActiveCfg = Release|Any CPU
		{C00FF6E5-2F87-4BA3-B4CC-FC4B55744AF0}.iOS|x64.ActiveCfg = Release|Any CPU
		{C00FF6E5-2F87-4BA3-B4CC-FC4B55744AF0}.iOS|x86.ActiveCfg = Release|Any CPU
		{C00FF6E5-2F87-4BA3-B4CC-FC4B55744AF0}.Net20|Any CPU.ActiveCfg = Release|Any CPU
		{C00FF6E5-2F87-4BA3-B4CC-FC4B55744AF0}.Net20|Any CPU.Build.0 = Release|Any CPU
		{C00FF6E5-2F87-4BA3-B4CC-FC4B55744AF0}.Net20|ia64.ActiveCfg = Release|Any CPU
		{C00FF6E5-2F87-4BA3-B4CC-FC4B55744AF0}.Net20|x64.ActiveCfg = Release|Any CPU
		{C00FF6E5-2F87-4BA3-B4CC-FC4B55744AF0}.Net20|x86.ActiveCfg = Release|Any CPU
		{C00FF6E5-2F87-4BA3-B4CC-FC4B55744AF0}.Profile|Any CPU.ActiveCfg = Release|Any CPU
		{C00FF6E5-2F87-4BA3-B4CC-FC4B55744AF0}.Profile|Any CPU.Build.0 = Release|Any CPU
		{C00FF6E5-2F87-4BA3-B4CC-FC4B55744AF0}.Profile|ia64.ActiveCfg = Release|Any CPU
		{C00FF6E5-2F87-4BA3-B4CC-FC4B55744AF0}.Profile|x64.ActiveCfg = Release|Any CPU
		{C00FF6E5-2F87-4BA3-B4CC-FC4B55744AF0}.Profile|x86.ActiveCfg = Release|Any CPU
		{C00FF6E5-2F87-4BA3-B4CC-FC4B55744AF0}.Release|Any CPU.ActiveCfg = Release|Any CPU
		{C00FF6E5-2F87-4BA3-B4CC-FC4B55744AF0}.Release|Any CPU.Build.0 = Release|Any CPU
		{C00FF6E5-2F87-4BA3-B4CC-FC4B55744AF0}.Release|ia64.ActiveCfg = Release|Any CPU
		{C00FF6E5-2F87-4BA3-B4CC-FC4B55744AF0}.Release|x64.ActiveCfg = Release|Any CPU
		{C00FF6E5-2F87-4BA3-B4CC-FC4B55744AF0}.Release|x86.ActiveCfg = Release|Any CPU
		{C00FF6E5-2F87-4BA3-B4CC-FC4B55744AF0}.Silverlight2|Any CPU.ActiveCfg = Release|Any CPU
		{C00FF6E5-2F87-4BA3-B4CC-FC4B55744AF0}.Silverlight2|Any CPU.Build.0 = Release|Any CPU
		{C00FF6E5-2F87-4BA3-B4CC-FC4B55744AF0}.Silverlight2|ia64.ActiveCfg = Release|Any CPU
		{C00FF6E5-2F87-4BA3-B4CC-FC4B55744AF0}.Silverlight2|x64.ActiveCfg = Release|Any CPU
		{C00FF6E5-2F87-4BA3-B4CC-FC4B55744AF0}.Silverlight2|x86.ActiveCfg = Release|Any CPU
		{C00FF6E5-2F87-4BA3-B4CC-FC4B55744AF0}.Unity|Any CPU.ActiveCfg = Release|Any CPU
		{C00FF6E5-2F87-4BA3-B4CC-FC4B55744AF0}.Unity|Any CPU.Build.0 = Release|Any CPU
		{C00FF6E5-2F87-4BA3-B4CC-FC4B55744AF0}.Unity|ia64.ActiveCfg = Release|Any CPU
		{C00FF6E5-2F87-4BA3-B4CC-FC4B55744AF0}.Unity|x64.ActiveCfg = Release|Any CPU
		{C00FF6E5-2F87-4BA3-B4CC-FC4B55744AF0}.Unity|x86.ActiveCfg = Release|Any CPU
		{31EACE0B-C629-4CC6-BC1D-853D05FC245F}.CoreOnly|Any CPU.ActiveCfg = Release|Any CPU
		{31EACE0B-C629-4CC6-BC1D-853D05FC245F}.CoreOnly|Any CPU.Build.0 = Release|Any CPU
		{31EACE0B-C629-4CC6-BC1D-853D05FC245F}.CoreOnly|ia64.ActiveCfg = Release|Any CPU
		{31EACE0B-C629-4CC6-BC1D-853D05FC245F}.CoreOnly|x64.ActiveCfg = Release|Any CPU
		{31EACE0B-C629-4CC6-BC1D-853D05FC245F}.CoreOnly|x86.ActiveCfg = Release|Any CPU
		{31EACE0B-C629-4CC6-BC1D-853D05FC245F}.Debug|Any CPU.ActiveCfg = Debug|Any CPU
		{31EACE0B-C629-4CC6-BC1D-853D05FC245F}.Debug|Any CPU.Build.0 = Debug|Any CPU
		{31EACE0B-C629-4CC6-BC1D-853D05FC245F}.Debug|ia64.ActiveCfg = Debug|Any CPU
		{31EACE0B-C629-4CC6-BC1D-853D05FC245F}.Debug|x64.ActiveCfg = Debug|Any CPU
		{31EACE0B-C629-4CC6-BC1D-853D05FC245F}.Debug|x86.ActiveCfg = Debug|Any CPU
		{31EACE0B-C629-4CC6-BC1D-853D05FC245F}.iOS|Any CPU.ActiveCfg = Release|Any CPU
		{31EACE0B-C629-4CC6-BC1D-853D05FC245F}.iOS|Any CPU.Build.0 = Release|Any CPU
		{31EACE0B-C629-4CC6-BC1D-853D05FC245F}.iOS|ia64.ActiveCfg = Release|Any CPU
		{31EACE0B-C629-4CC6-BC1D-853D05FC245F}.iOS|x64.ActiveCfg = Release|Any CPU
		{31EACE0B-C629-4CC6-BC1D-853D05FC245F}.iOS|x86.ActiveCfg = Release|Any CPU
		{31EACE0B-C629-4CC6-BC1D-853D05FC245F}.Net20|Any CPU.ActiveCfg = Release|Any CPU
		{31EACE0B-C629-4CC6-BC1D-853D05FC245F}.Net20|Any CPU.Build.0 = Release|Any CPU
		{31EACE0B-C629-4CC6-BC1D-853D05FC245F}.Net20|ia64.ActiveCfg = Release|Any CPU
		{31EACE0B-C629-4CC6-BC1D-853D05FC245F}.Net20|x64.ActiveCfg = Release|Any CPU
		{31EACE0B-C629-4CC6-BC1D-853D05FC245F}.Net20|x86.ActiveCfg = Release|Any CPU
		{31EACE0B-C629-4CC6-BC1D-853D05FC245F}.Profile|Any CPU.ActiveCfg = Release|Any CPU
		{31EACE0B-C629-4CC6-BC1D-853D05FC245F}.Profile|Any CPU.Build.0 = Release|Any CPU
		{31EACE0B-C629-4CC6-BC1D-853D05FC245F}.Profile|ia64.ActiveCfg = Release|Any CPU
		{31EACE0B-C629-4CC6-BC1D-853D05FC245F}.Profile|x64.ActiveCfg = Release|Any CPU
		{31EACE0B-C629-4CC6-BC1D-853D05FC245F}.Profile|x86.ActiveCfg = Release|Any CPU
		{31EACE0B-C629-4CC6-BC1D-853D05FC245F}.Release|Any CPU.ActiveCfg = Release|Any CPU
		{31EACE0B-C629-4CC6-BC1D-853D05FC245F}.Release|Any CPU.Build.0 = Release|Any CPU
		{31EACE0B-C629-4CC6-BC1D-853D05FC245F}.Release|ia64.ActiveCfg = Release|Any CPU
		{31EACE0B-C629-4CC6-BC1D-853D05FC245F}.Release|x64.ActiveCfg = Release|Any CPU
		{31EACE0B-C629-4CC6-BC1D-853D05FC245F}.Release|x86.ActiveCfg = Release|Any CPU
		{31EACE0B-C629-4CC6-BC1D-853D05FC245F}.Silverlight2|Any CPU.ActiveCfg = Release|Any CPU
		{31EACE0B-C629-4CC6-BC1D-853D05FC245F}.Silverlight2|Any CPU.Build.0 = Release|Any CPU
		{31EACE0B-C629-4CC6-BC1D-853D05FC245F}.Silverlight2|ia64.ActiveCfg = Release|Any CPU
		{31EACE0B-C629-4CC6-BC1D-853D05FC245F}.Silverlight2|x64.ActiveCfg = Release|Any CPU
		{31EACE0B-C629-4CC6-BC1D-853D05FC245F}.Silverlight2|x86.ActiveCfg = Release|Any CPU
		{31EACE0B-C629-4CC6-BC1D-853D05FC245F}.Unity|Any CPU.ActiveCfg = Release|Any CPU
		{31EACE0B-C629-4CC6-BC1D-853D05FC245F}.Unity|Any CPU.Build.0 = Release|Any CPU
		{31EACE0B-C629-4CC6-BC1D-853D05FC245F}.Unity|ia64.ActiveCfg = Release|Any CPU
		{31EACE0B-C629-4CC6-BC1D-853D05FC245F}.Unity|x64.ActiveCfg = Release|Any CPU
		{31EACE0B-C629-4CC6-BC1D-853D05FC245F}.Unity|x86.ActiveCfg = Release|Any CPU
		{73598CAF-DDB2-4964-8DEB-D267BB9B0AA4}.CoreOnly|Any CPU.ActiveCfg = Release|Any CPU
		{73598CAF-DDB2-4964-8DEB-D267BB9B0AA4}.CoreOnly|Any CPU.Build.0 = Release|Any CPU
		{73598CAF-DDB2-4964-8DEB-D267BB9B0AA4}.CoreOnly|ia64.ActiveCfg = Release|Any CPU
		{73598CAF-DDB2-4964-8DEB-D267BB9B0AA4}.CoreOnly|x64.ActiveCfg = Release|Any CPU
		{73598CAF-DDB2-4964-8DEB-D267BB9B0AA4}.CoreOnly|x86.ActiveCfg = Release|Any CPU
		{73598CAF-DDB2-4964-8DEB-D267BB9B0AA4}.Debug|Any CPU.ActiveCfg = Debug|Any CPU
		{73598CAF-DDB2-4964-8DEB-D267BB9B0AA4}.Debug|Any CPU.Build.0 = Debug|Any CPU
		{73598CAF-DDB2-4964-8DEB-D267BB9B0AA4}.Debug|ia64.ActiveCfg = Debug|Any CPU
		{73598CAF-DDB2-4964-8DEB-D267BB9B0AA4}.Debug|x64.ActiveCfg = Debug|Any CPU
		{73598CAF-DDB2-4964-8DEB-D267BB9B0AA4}.Debug|x86.ActiveCfg = Debug|Any CPU
		{73598CAF-DDB2-4964-8DEB-D267BB9B0AA4}.iOS|Any CPU.ActiveCfg = Release|Any CPU
		{73598CAF-DDB2-4964-8DEB-D267BB9B0AA4}.iOS|Any CPU.Build.0 = Release|Any CPU
		{73598CAF-DDB2-4964-8DEB-D267BB9B0AA4}.iOS|ia64.ActiveCfg = Release|Any CPU
		{73598CAF-DDB2-4964-8DEB-D267BB9B0AA4}.iOS|x64.ActiveCfg = Release|Any CPU
		{73598CAF-DDB2-4964-8DEB-D267BB9B0AA4}.iOS|x86.ActiveCfg = Release|Any CPU
		{73598CAF-DDB2-4964-8DEB-D267BB9B0AA4}.Net20|Any CPU.ActiveCfg = Release|Any CPU
		{73598CAF-DDB2-4964-8DEB-D267BB9B0AA4}.Net20|Any CPU.Build.0 = Release|Any CPU
		{73598CAF-DDB2-4964-8DEB-D267BB9B0AA4}.Net20|ia64.ActiveCfg = Release|Any CPU
		{73598CAF-DDB2-4964-8DEB-D267BB9B0AA4}.Net20|x64.ActiveCfg = Release|Any CPU
		{73598CAF-DDB2-4964-8DEB-D267BB9B0AA4}.Net20|x86.ActiveCfg = Release|Any CPU
		{73598CAF-DDB2-4964-8DEB-D267BB9B0AA4}.Profile|Any CPU.ActiveCfg = Release|Any CPU
		{73598CAF-DDB2-4964-8DEB-D267BB9B0AA4}.Profile|Any CPU.Build.0 = Release|Any CPU
		{73598CAF-DDB2-4964-8DEB-D267BB9B0AA4}.Profile|ia64.ActiveCfg = Release|Any CPU
		{73598CAF-DDB2-4964-8DEB-D267BB9B0AA4}.Profile|x64.ActiveCfg = Release|Any CPU
		{73598CAF-DDB2-4964-8DEB-D267BB9B0AA4}.Profile|x86.ActiveCfg = Release|Any CPU
		{73598CAF-DDB2-4964-8DEB-D267BB9B0AA4}.Release|Any CPU.ActiveCfg = Release|Any CPU
		{73598CAF-DDB2-4964-8DEB-D267BB9B0AA4}.Release|Any CPU.Build.0 = Release|Any CPU
		{73598CAF-DDB2-4964-8DEB-D267BB9B0AA4}.Release|ia64.ActiveCfg = Release|Any CPU
		{73598CAF-DDB2-4964-8DEB-D267BB9B0AA4}.Release|x64.ActiveCfg = Release|Any CPU
		{73598CAF-DDB2-4964-8DEB-D267BB9B0AA4}.Release|x86.ActiveCfg = Release|Any CPU
		{73598CAF-DDB2-4964-8DEB-D267BB9B0AA4}.Silverlight2|Any CPU.ActiveCfg = Release|Any CPU
		{73598CAF-DDB2-4964-8DEB-D267BB9B0AA4}.Silverlight2|Any CPU.Build.0 = Release|Any CPU
		{73598CAF-DDB2-4964-8DEB-D267BB9B0AA4}.Silverlight2|ia64.ActiveCfg = Release|Any CPU
		{73598CAF-DDB2-4964-8DEB-D267BB9B0AA4}.Silverlight2|x64.ActiveCfg = Release|Any CPU
		{73598CAF-DDB2-4964-8DEB-D267BB9B0AA4}.Silverlight2|x86.ActiveCfg = Release|Any CPU
		{73598CAF-DDB2-4964-8DEB-D267BB9B0AA4}.Unity|Any CPU.ActiveCfg = Release|Any CPU
		{73598CAF-DDB2-4964-8DEB-D267BB9B0AA4}.Unity|Any CPU.Build.0 = Release|Any CPU
		{73598CAF-DDB2-4964-8DEB-D267BB9B0AA4}.Unity|ia64.ActiveCfg = Release|Any CPU
		{73598CAF-DDB2-4964-8DEB-D267BB9B0AA4}.Unity|x64.ActiveCfg = Release|Any CPU
		{73598CAF-DDB2-4964-8DEB-D267BB9B0AA4}.Unity|x86.ActiveCfg = Release|Any CPU
		{8374E4D7-2A91-48F1-9360-09B09CF27C3F}.CoreOnly|Any CPU.ActiveCfg = CoreOnly|Any CPU
		{8374E4D7-2A91-48F1-9360-09B09CF27C3F}.CoreOnly|Any CPU.Build.0 = CoreOnly|Any CPU
		{8374E4D7-2A91-48F1-9360-09B09CF27C3F}.CoreOnly|ia64.ActiveCfg = CoreOnly|Any CPU
		{8374E4D7-2A91-48F1-9360-09B09CF27C3F}.CoreOnly|x64.ActiveCfg = CoreOnly|Any CPU
		{8374E4D7-2A91-48F1-9360-09B09CF27C3F}.CoreOnly|x86.ActiveCfg = CoreOnly|Any CPU
		{8374E4D7-2A91-48F1-9360-09B09CF27C3F}.Debug|Any CPU.ActiveCfg = Debug|Any CPU
		{8374E4D7-2A91-48F1-9360-09B09CF27C3F}.Debug|Any CPU.Build.0 = Debug|Any CPU
		{8374E4D7-2A91-48F1-9360-09B09CF27C3F}.Debug|ia64.ActiveCfg = Debug|Any CPU
		{8374E4D7-2A91-48F1-9360-09B09CF27C3F}.Debug|x64.ActiveCfg = Debug|Any CPU
		{8374E4D7-2A91-48F1-9360-09B09CF27C3F}.Debug|x86.ActiveCfg = Debug|Any CPU
		{8374E4D7-2A91-48F1-9360-09B09CF27C3F}.iOS|Any CPU.ActiveCfg = iOS|Any CPU
		{8374E4D7-2A91-48F1-9360-09B09CF27C3F}.iOS|Any CPU.Build.0 = iOS|Any CPU
		{8374E4D7-2A91-48F1-9360-09B09CF27C3F}.iOS|ia64.ActiveCfg = iOS|Any CPU
		{8374E4D7-2A91-48F1-9360-09B09CF27C3F}.iOS|x64.ActiveCfg = iOS|Any CPU
		{8374E4D7-2A91-48F1-9360-09B09CF27C3F}.iOS|x86.ActiveCfg = iOS|Any CPU
		{8374E4D7-2A91-48F1-9360-09B09CF27C3F}.Net20|Any CPU.ActiveCfg = Net20|Any CPU
		{8374E4D7-2A91-48F1-9360-09B09CF27C3F}.Net20|Any CPU.Build.0 = Net20|Any CPU
		{8374E4D7-2A91-48F1-9360-09B09CF27C3F}.Net20|ia64.ActiveCfg = Net20|Any CPU
		{8374E4D7-2A91-48F1-9360-09B09CF27C3F}.Net20|x64.ActiveCfg = Net20|Any CPU
		{8374E4D7-2A91-48F1-9360-09B09CF27C3F}.Net20|x86.ActiveCfg = Net20|Any CPU
		{8374E4D7-2A91-48F1-9360-09B09CF27C3F}.Profile|Any CPU.ActiveCfg = Profile|Any CPU
		{8374E4D7-2A91-48F1-9360-09B09CF27C3F}.Profile|Any CPU.Build.0 = Profile|Any CPU
		{8374E4D7-2A91-48F1-9360-09B09CF27C3F}.Profile|ia64.ActiveCfg = Profile|Any CPU
		{8374E4D7-2A91-48F1-9360-09B09CF27C3F}.Profile|x64.ActiveCfg = Profile|Any CPU
		{8374E4D7-2A91-48F1-9360-09B09CF27C3F}.Profile|x86.ActiveCfg = Profile|Any CPU
		{8374E4D7-2A91-48F1-9360-09B09CF27C3F}.Release|Any CPU.ActiveCfg = Release|Any CPU
		{8374E4D7-2A91-48F1-9360-09B09CF27C3F}.Release|Any CPU.Build.0 = Release|Any CPU
		{8374E4D7-2A91-48F1-9360-09B09CF27C3F}.Release|ia64.ActiveCfg = Release|Any CPU
		{8374E4D7-2A91-48F1-9360-09B09CF27C3F}.Release|x64.ActiveCfg = Release|Any CPU
		{8374E4D7-2A91-48F1-9360-09B09CF27C3F}.Release|x86.ActiveCfg = Release|Any CPU
		{8374E4D7-2A91-48F1-9360-09B09CF27C3F}.Silverlight2|Any CPU.ActiveCfg = Silverlight2|Any CPU
		{8374E4D7-2A91-48F1-9360-09B09CF27C3F}.Silverlight2|Any CPU.Build.0 = Silverlight2|Any CPU
		{8374E4D7-2A91-48F1-9360-09B09CF27C3F}.Silverlight2|ia64.ActiveCfg = Silverlight2|Any CPU
		{8374E4D7-2A91-48F1-9360-09B09CF27C3F}.Silverlight2|x64.ActiveCfg = Silverlight2|Any CPU
		{8374E4D7-2A91-48F1-9360-09B09CF27C3F}.Silverlight2|x86.ActiveCfg = Silverlight2|Any CPU
		{8374E4D7-2A91-48F1-9360-09B09CF27C3F}.Unity|Any CPU.ActiveCfg = Unity|Any CPU
		{8374E4D7-2A91-48F1-9360-09B09CF27C3F}.Unity|Any CPU.Build.0 = Unity|Any CPU
		{8374E4D7-2A91-48F1-9360-09B09CF27C3F}.Unity|ia64.ActiveCfg = Unity|Any CPU
		{8374E4D7-2A91-48F1-9360-09B09CF27C3F}.Unity|x64.ActiveCfg = Unity|Any CPU
		{8374E4D7-2A91-48F1-9360-09B09CF27C3F}.Unity|x86.ActiveCfg = Unity|Any CPU
		{2EC85F3B-FF08-4B5B-A106-BBE47C6ED282}.CoreOnly|Any CPU.ActiveCfg = Release|Any CPU
		{2EC85F3B-FF08-4B5B-A106-BBE47C6ED282}.CoreOnly|Any CPU.Build.0 = Release|Any CPU
		{2EC85F3B-FF08-4B5B-A106-BBE47C6ED282}.CoreOnly|ia64.ActiveCfg = Release|Any CPU
		{2EC85F3B-FF08-4B5B-A106-BBE47C6ED282}.CoreOnly|x64.ActiveCfg = Release|Any CPU
		{2EC85F3B-FF08-4B5B-A106-BBE47C6ED282}.CoreOnly|x86.ActiveCfg = Release|Any CPU
		{2EC85F3B-FF08-4B5B-A106-BBE47C6ED282}.Debug|Any CPU.ActiveCfg = Debug|Any CPU
		{2EC85F3B-FF08-4B5B-A106-BBE47C6ED282}.Debug|Any CPU.Build.0 = Debug|Any CPU
		{2EC85F3B-FF08-4B5B-A106-BBE47C6ED282}.Debug|ia64.ActiveCfg = Debug|Any CPU
		{2EC85F3B-FF08-4B5B-A106-BBE47C6ED282}.Debug|x64.ActiveCfg = Debug|Any CPU
		{2EC85F3B-FF08-4B5B-A106-BBE47C6ED282}.Debug|x86.ActiveCfg = Debug|Any CPU
		{2EC85F3B-FF08-4B5B-A106-BBE47C6ED282}.iOS|Any CPU.ActiveCfg = Release|Any CPU
		{2EC85F3B-FF08-4B5B-A106-BBE47C6ED282}.iOS|Any CPU.Build.0 = Release|Any CPU
		{2EC85F3B-FF08-4B5B-A106-BBE47C6ED282}.iOS|ia64.ActiveCfg = Release|Any CPU
		{2EC85F3B-FF08-4B5B-A106-BBE47C6ED282}.iOS|x64.ActiveCfg = Release|Any CPU
		{2EC85F3B-FF08-4B5B-A106-BBE47C6ED282}.iOS|x86.ActiveCfg = Release|Any CPU
		{2EC85F3B-FF08-4B5B-A106-BBE47C6ED282}.Net20|Any CPU.ActiveCfg = Release|Any CPU
		{2EC85F3B-FF08-4B5B-A106-BBE47C6ED282}.Net20|Any CPU.Build.0 = Release|Any CPU
		{2EC85F3B-FF08-4B5B-A106-BBE47C6ED282}.Net20|ia64.ActiveCfg = Release|Any CPU
		{2EC85F3B-FF08-4B5B-A106-BBE47C6ED282}.Net20|x64.ActiveCfg = Release|Any CPU
		{2EC85F3B-FF08-4B5B-A106-BBE47C6ED282}.Net20|x86.ActiveCfg = Release|Any CPU
		{2EC85F3B-FF08-4B5B-A106-BBE47C6ED282}.Profile|Any CPU.ActiveCfg = Release|Any CPU
		{2EC85F3B-FF08-4B5B-A106-BBE47C6ED282}.Profile|Any CPU.Build.0 = Release|Any CPU
		{2EC85F3B-FF08-4B5B-A106-BBE47C6ED282}.Profile|ia64.ActiveCfg = Release|Any CPU
		{2EC85F3B-FF08-4B5B-A106-BBE47C6ED282}.Profile|x64.ActiveCfg = Release|Any CPU
		{2EC85F3B-FF08-4B5B-A106-BBE47C6ED282}.Profile|x86.ActiveCfg = Release|Any CPU
		{2EC85F3B-FF08-4B5B-A106-BBE47C6ED282}.Release|Any CPU.ActiveCfg = Release|Any CPU
		{2EC85F3B-FF08-4B5B-A106-BBE47C6ED282}.Release|Any CPU.Build.0 = Release|Any CPU
		{2EC85F3B-FF08-4B5B-A106-BBE47C6ED282}.Release|ia64.ActiveCfg = Release|Any CPU
		{2EC85F3B-FF08-4B5B-A106-BBE47C6ED282}.Release|x64.ActiveCfg = Release|Any CPU
		{2EC85F3B-FF08-4B5B-A106-BBE47C6ED282}.Release|x86.ActiveCfg = Release|Any CPU
		{2EC85F3B-FF08-4B5B-A106-BBE47C6ED282}.Silverlight2|Any CPU.ActiveCfg = Release|Any CPU
		{2EC85F3B-FF08-4B5B-A106-BBE47C6ED282}.Silverlight2|Any CPU.Build.0 = Release|Any CPU
		{2EC85F3B-FF08-4B5B-A106-BBE47C6ED282}.Silverlight2|ia64.ActiveCfg = Release|Any CPU
		{2EC85F3B-FF08-4B5B-A106-BBE47C6ED282}.Silverlight2|x64.ActiveCfg = Release|Any CPU
		{2EC85F3B-FF08-4B5B-A106-BBE47C6ED282}.Silverlight2|x86.ActiveCfg = Release|Any CPU
		{2EC85F3B-FF08-4B5B-A106-BBE47C6ED282}.Unity|Any CPU.ActiveCfg = Release|Any CPU
		{2EC85F3B-FF08-4B5B-A106-BBE47C6ED282}.Unity|Any CPU.Build.0 = Release|Any CPU
		{2EC85F3B-FF08-4B5B-A106-BBE47C6ED282}.Unity|ia64.ActiveCfg = Release|Any CPU
		{2EC85F3B-FF08-4B5B-A106-BBE47C6ED282}.Unity|x64.ActiveCfg = Release|Any CPU
		{2EC85F3B-FF08-4B5B-A106-BBE47C6ED282}.Unity|x86.ActiveCfg = Release|Any CPU
		{B6D1C069-2A6C-482A-A85E-E49362D8C72A}.CoreOnly|Any CPU.ActiveCfg = Release|Any CPU
		{B6D1C069-2A6C-482A-A85E-E49362D8C72A}.CoreOnly|Any CPU.Build.0 = Release|Any CPU
		{B6D1C069-2A6C-482A-A85E-E49362D8C72A}.CoreOnly|ia64.ActiveCfg = Release|Any CPU
		{B6D1C069-2A6C-482A-A85E-E49362D8C72A}.CoreOnly|x64.ActiveCfg = Release|Any CPU
		{B6D1C069-2A6C-482A-A85E-E49362D8C72A}.CoreOnly|x86.ActiveCfg = Release|Any CPU
		{B6D1C069-2A6C-482A-A85E-E49362D8C72A}.Debug|Any CPU.ActiveCfg = Debug|Any CPU
		{B6D1C069-2A6C-482A-A85E-E49362D8C72A}.Debug|Any CPU.Build.0 = Debug|Any CPU
		{B6D1C069-2A6C-482A-A85E-E49362D8C72A}.Debug|ia64.ActiveCfg = Debug|Any CPU
		{B6D1C069-2A6C-482A-A85E-E49362D8C72A}.Debug|x64.ActiveCfg = Debug|Any CPU
		{B6D1C069-2A6C-482A-A85E-E49362D8C72A}.Debug|x86.ActiveCfg = Debug|Any CPU
		{B6D1C069-2A6C-482A-A85E-E49362D8C72A}.iOS|Any CPU.ActiveCfg = Release|Any CPU
		{B6D1C069-2A6C-482A-A85E-E49362D8C72A}.iOS|Any CPU.Build.0 = Release|Any CPU
		{B6D1C069-2A6C-482A-A85E-E49362D8C72A}.iOS|ia64.ActiveCfg = Release|Any CPU
		{B6D1C069-2A6C-482A-A85E-E49362D8C72A}.iOS|x64.ActiveCfg = Release|Any CPU
		{B6D1C069-2A6C-482A-A85E-E49362D8C72A}.iOS|x86.ActiveCfg = Release|Any CPU
		{B6D1C069-2A6C-482A-A85E-E49362D8C72A}.Net20|Any CPU.ActiveCfg = Release|Any CPU
		{B6D1C069-2A6C-482A-A85E-E49362D8C72A}.Net20|Any CPU.Build.0 = Release|Any CPU
		{B6D1C069-2A6C-482A-A85E-E49362D8C72A}.Net20|ia64.ActiveCfg = Release|Any CPU
		{B6D1C069-2A6C-482A-A85E-E49362D8C72A}.Net20|x64.ActiveCfg = Release|Any CPU
		{B6D1C069-2A6C-482A-A85E-E49362D8C72A}.Net20|x86.ActiveCfg = Release|Any CPU
		{B6D1C069-2A6C-482A-A85E-E49362D8C72A}.Profile|Any CPU.ActiveCfg = Release|Any CPU
		{B6D1C069-2A6C-482A-A85E-E49362D8C72A}.Profile|Any CPU.Build.0 = Release|Any CPU
		{B6D1C069-2A6C-482A-A85E-E49362D8C72A}.Profile|ia64.ActiveCfg = Release|Any CPU
		{B6D1C069-2A6C-482A-A85E-E49362D8C72A}.Profile|x64.ActiveCfg = Release|Any CPU
		{B6D1C069-2A6C-482A-A85E-E49362D8C72A}.Profile|x86.ActiveCfg = Release|Any CPU
		{B6D1C069-2A6C-482A-A85E-E49362D8C72A}.Release|Any CPU.ActiveCfg = Release|Any CPU
		{B6D1C069-2A6C-482A-A85E-E49362D8C72A}.Release|Any CPU.Build.0 = Release|Any CPU
		{B6D1C069-2A6C-482A-A85E-E49362D8C72A}.Release|ia64.ActiveCfg = Release|Any CPU
		{B6D1C069-2A6C-482A-A85E-E49362D8C72A}.Release|x64.ActiveCfg = Release|Any CPU
		{B6D1C069-2A6C-482A-A85E-E49362D8C72A}.Release|x86.ActiveCfg = Release|Any CPU
		{B6D1C069-2A6C-482A-A85E-E49362D8C72A}.Silverlight2|Any CPU.ActiveCfg = Release|Any CPU
		{B6D1C069-2A6C-482A-A85E-E49362D8C72A}.Silverlight2|Any CPU.Build.0 = Release|Any CPU
		{B6D1C069-2A6C-482A-A85E-E49362D8C72A}.Silverlight2|ia64.ActiveCfg = Release|Any CPU
		{B6D1C069-2A6C-482A-A85E-E49362D8C72A}.Silverlight2|x64.ActiveCfg = Release|Any CPU
		{B6D1C069-2A6C-482A-A85E-E49362D8C72A}.Silverlight2|x86.ActiveCfg = Release|Any CPU
		{B6D1C069-2A6C-482A-A85E-E49362D8C72A}.Unity|Any CPU.ActiveCfg = Release|Any CPU
		{B6D1C069-2A6C-482A-A85E-E49362D8C72A}.Unity|Any CPU.Build.0 = Release|Any CPU
		{B6D1C069-2A6C-482A-A85E-E49362D8C72A}.Unity|ia64.ActiveCfg = Release|Any CPU
		{B6D1C069-2A6C-482A-A85E-E49362D8C72A}.Unity|x64.ActiveCfg = Release|Any CPU
		{B6D1C069-2A6C-482A-A85E-E49362D8C72A}.Unity|x86.ActiveCfg = Release|Any CPU
		{D8F1F844-C668-42BA-9519-05F1157EA21D}.CoreOnly|Any CPU.ActiveCfg = Release|Any CPU
		{D8F1F844-C668-42BA-9519-05F1157EA21D}.CoreOnly|Any CPU.Build.0 = Release|Any CPU
		{D8F1F844-C668-42BA-9519-05F1157EA21D}.CoreOnly|ia64.ActiveCfg = Release|Any CPU
		{D8F1F844-C668-42BA-9519-05F1157EA21D}.CoreOnly|x64.ActiveCfg = Release|Any CPU
		{D8F1F844-C668-42BA-9519-05F1157EA21D}.CoreOnly|x86.ActiveCfg = Release|Any CPU
		{D8F1F844-C668-42BA-9519-05F1157EA21D}.Debug|Any CPU.ActiveCfg = Debug|Any CPU
		{D8F1F844-C668-42BA-9519-05F1157EA21D}.Debug|Any CPU.Build.0 = Debug|Any CPU
		{D8F1F844-C668-42BA-9519-05F1157EA21D}.Debug|ia64.ActiveCfg = Debug|Any CPU
		{D8F1F844-C668-42BA-9519-05F1157EA21D}.Debug|x64.ActiveCfg = Debug|Any CPU
		{D8F1F844-C668-42BA-9519-05F1157EA21D}.Debug|x86.ActiveCfg = Debug|Any CPU
		{D8F1F844-C668-42BA-9519-05F1157EA21D}.iOS|Any CPU.ActiveCfg = Release|Any CPU
		{D8F1F844-C668-42BA-9519-05F1157EA21D}.iOS|Any CPU.Build.0 = Release|Any CPU
		{D8F1F844-C668-42BA-9519-05F1157EA21D}.iOS|ia64.ActiveCfg = Release|Any CPU
		{D8F1F844-C668-42BA-9519-05F1157EA21D}.iOS|x64.ActiveCfg = Release|Any CPU
		{D8F1F844-C668-42BA-9519-05F1157EA21D}.iOS|x86.ActiveCfg = Release|Any CPU
		{D8F1F844-C668-42BA-9519-05F1157EA21D}.Net20|Any CPU.ActiveCfg = Release|Any CPU
		{D8F1F844-C668-42BA-9519-05F1157EA21D}.Net20|Any CPU.Build.0 = Release|Any CPU
		{D8F1F844-C668-42BA-9519-05F1157EA21D}.Net20|ia64.ActiveCfg = Release|Any CPU
		{D8F1F844-C668-42BA-9519-05F1157EA21D}.Net20|x64.ActiveCfg = Release|Any CPU
		{D8F1F844-C668-42BA-9519-05F1157EA21D}.Net20|x86.ActiveCfg = Release|Any CPU
		{D8F1F844-C668-42BA-9519-05F1157EA21D}.Profile|Any CPU.ActiveCfg = Release|Any CPU
		{D8F1F844-C668-42BA-9519-05F1157EA21D}.Profile|Any CPU.Build.0 = Release|Any CPU
		{D8F1F844-C668-42BA-9519-05F1157EA21D}.Profile|ia64.ActiveCfg = Release|Any CPU
		{D8F1F844-C668-42BA-9519-05F1157EA21D}.Profile|x64.ActiveCfg = Release|Any CPU
		{D8F1F844-C668-42BA-9519-05F1157EA21D}.Profile|x86.ActiveCfg = Release|Any CPU
		{D8F1F844-C668-42BA-9519-05F1157EA21D}.Release|Any CPU.ActiveCfg = Release|Any CPU
		{D8F1F844-C668-42BA-9519-05F1157EA21D}.Release|Any CPU.Build.0 = Release|Any CPU
		{D8F1F844-C668-42BA-9519-05F1157EA21D}.Release|ia64.ActiveCfg = Release|Any CPU
		{D8F1F844-C668-42BA-9519-05F1157EA21D}.Release|x64.ActiveCfg = Release|Any CPU
		{D8F1F844-C668-42BA-9519-05F1157EA21D}.Release|x86.ActiveCfg = Release|Any CPU
		{D8F1F844-C668-42BA-9519-05F1157EA21D}.Silverlight2|Any CPU.ActiveCfg = Release|Any CPU
		{D8F1F844-C668-42BA-9519-05F1157EA21D}.Silverlight2|Any CPU.Build.0 = Release|Any CPU
		{D8F1F844-C668-42BA-9519-05F1157EA21D}.Silverlight2|ia64.ActiveCfg = Release|Any CPU
		{D8F1F844-C668-42BA-9519-05F1157EA21D}.Silverlight2|x64.ActiveCfg = Release|Any CPU
		{D8F1F844-C668-42BA-9519-05F1157EA21D}.Silverlight2|x86.ActiveCfg = Release|Any CPU
		{D8F1F844-C668-42BA-9519-05F1157EA21D}.Unity|Any CPU.ActiveCfg = Release|Any CPU
		{D8F1F844-C668-42BA-9519-05F1157EA21D}.Unity|Any CPU.Build.0 = Release|Any CPU
		{D8F1F844-C668-42BA-9519-05F1157EA21D}.Unity|ia64.ActiveCfg = Release|Any CPU
		{D8F1F844-C668-42BA-9519-05F1157EA21D}.Unity|x64.ActiveCfg = Release|Any CPU
		{D8F1F844-C668-42BA-9519-05F1157EA21D}.Unity|x86.ActiveCfg = Release|Any CPU
	EndGlobalSection
	GlobalSection(SolutionProperties) = preSolution
		HideSolutionNode = FALSE
	EndGlobalSection
EndGlobal
